{
  "name": "fetch-stream-parser-example",
  "lockfileVersion": 3,
  "requires": true,
  "packages": {
    "": {
      "name": "fetch-stream-parser-example",
      "dependencies": {
        "fetch-stream-parser": "file:..",
        "ws": "^8.13.0"
      }
    },
    "..": {
      "name": "fetch-stream-parser",
      "version": "0.1.1",
      "license": "Apache-2.0"
    },
    "node_modules/fetch-stream-parser": {
      "resolved": "..",
      "link": true
    },
    "node_modules/ws": {
      "version": "8.13.0",
      "resolved": "https://registry.npmjs.org/ws/-/ws-8.13.0.tgz",
      "integrity": "sha512-x9vcZYTrFPC7aSIbj7sRCYo7L/Xb8Iy+pW0ng0wt2vCJv7M9HOMy0UoN3rr+IFC7hb7vXoqS+P9ktyLLLhO+LA==",
      "engines": {
        "node": ">=10.0.0"
      },
      "peerDependencies": {
        "bufferutil": "^4.0.1",
        "utf-8-validate": ">=5.0.2"
      },
      "peerDependenciesMeta": {
        "bufferutil": {
          "optional": true
        },
        "utf-8-validate": {
          "optional": true
        }
      }
    }
  }
}
