{
  "name": "fetch-stream-parser-example",
  "lockfileVersion": 3,
  "requires": true,
  "packages": {
    "": {
      "name": "fetch-stream-parser-example",
      "dependencies": {
        "fetch-stream-parser": "file:.."
      }
    },
    "..": {
      "version": "0.1.0",
      "license": "Apache-2.0"
    },
    "node_modules/fetch-stream-parser": {
      "resolved": "..",
      "link": true
    }
  }
}
